
Microsoft Visual Studio Solution File, Format Version 12.00
# Visual Studio Version 17
VisualStudioVersion = 17.9.34622.214
MinimumVisualStudioVersion = 10.0.40219.1
Project("{FAE04EC0-301F-11D3-BF4B-00C04F79EFBC}") = "Deflamingo.Android", "Deflamingo\Deflamingo.Android\Deflamingo.Android.csproj", "{36022037-B650-485E-8903-08470F2470DA}"
EndProject
Project("{FAE04EC0-301F-11D3-BF4B-00C04F79EFBC}") = "Deflamingo", "Deflamingo\Deflamingo\Deflamingo.csproj", "{95628A59-DADE-4DB1-B8F3-42AC8530790C}"
EndProject
Global
	GlobalSection(SolutionConfigurationPlatforms) = preSolution
		Debug|Any CPU = Debug|Any CPU
		Release|Any CPU = Release|Any CPU
	EndGlobalSection
	GlobalSection(ProjectConfigurationPlatforms) = postSolution
		{36022037-B650-485E-8903-08470F2470DA}.Debug|Any CPU.ActiveCfg = Debug|Any CPU
		{36022037-B650-485E-8903-08470F2470DA}.Debug|Any CPU.Build.0 = Debug|Any CPU
		{36022037-B650-485E-8903-08470F2470DA}.Debug|Any CPU.Deploy.0 = Debug|Any CPU
		{36022037-B650-485E-8903-08470F2470DA}.Release|Any CPU.ActiveCfg = Release|Any CPU
		{36022037-B650-485E-8903-08470F2470DA}.Release|Any CPU.Build.0 = Release|Any CPU
		{36022037-B650-485E-8903-08470F2470DA}.Release|Any CPU.Deploy.0 = Release|Any CPU
		{95628A59-DADE-4DB1-B8F3-42AC8530790C}.Debug|Any CPU.ActiveCfg = Debug|Any CPU
		{95628A59-DADE-4DB1-B8F3-42AC8530790C}.Debug|Any CPU.Build.0 = Debug|Any CPU
		{95628A59-DADE-4DB1-B8F3-42AC8530790C}.Debug|Any CPU.Deploy.0 = Debug|Any CPU
		{95628A59-DADE-4DB1-B8F3-42AC8530790C}.Release|Any CPU.ActiveCfg = Release|Any CPU
		{95628A59-DADE-4DB1-B8F3-42AC8530790C}.Release|Any CPU.Build.0 = Release|Any CPU
		{95628A59-DADE-4DB1-B8F3-42AC8530790C}.Release|Any CPU.Deploy.0 = Release|Any CPU
	EndGlobalSection
	GlobalSection(SolutionProperties) = preSolution
		HideSolutionNode = FALSE
	EndGlobalSection
	GlobalSection(ExtensibilityGlobals) = postSolution
		SolutionGuid = {7BF5C1F3-D4B4-4CB5-92B5-37F8D701D9A8}
	EndGlobalSection
EndGlobal
